
Microsoft Visual Studio Solution File, Format Version 12.00
# Visual Studio Version 17
VisualStudioVersion = 17.9.34701.34
MinimumVisualStudioVersion = 10.0.40219.1
Project("{2150E333-8FDC-42A3-9474-1A3956D46DE8}") = "Services", "Services", "{4BF6093B-16C6-4D61-860D-B4286401EE8D}"
EndProject
Project("{2150E333-8FDC-42A3-9474-1A3956D46DE8}") = "Catalog", "Catalog", "{D6E1D161-E41F-4BEA-A2F0-17832DF30494}"
EndProject
Project("{9A19103F-16F7-4668-BE54-9A1E7A4F7556}") = "MultiShop.Catalog", "Services\Catalog\MultiShop.Catalog\MultiShop.Catalog.csproj", "{D550BDF0-1E04-4515-8128-A45E3631A1ED}"
EndProject
Project("{2150E333-8FDC-42A3-9474-1A3956D46DE8}") = "Discount", "Discount", "{E0DB69D1-F89C-434E-A0E6-371FA1A417F0}"
EndProject
Project("{9A19103F-16F7-4668-BE54-9A1E7A4F7556}") = "MultiShop.Discount", "Services\Discount\MultiShop.Discount\MultiShop.Discount.csproj", "{616C0A00-8E84-4614-A814-91F8C42A2A9A}"
EndProject
Project("{2150E333-8FDC-42A3-9474-1A3956D46DE8}") = "Order", "Order", "{EB163DB4-595A-4CEF-9417-C9A9172C0911}"
EndProject
Project("{2150E333-8FDC-42A3-9474-1A3956D46DE8}") = "Core", "Core", "{95BD9354-8B5F-41DF-B850-38E5E15E50B6}"
EndProject
Project("{2150E333-8FDC-42A3-9474-1A3956D46DE8}") = "Infrastructure", "Infrastructure", "{0ADE74BB-B81C-4BDB-A267-F31A54CDD6FE}"
EndProject
Project("{2150E333-8FDC-42A3-9474-1A3956D46DE8}") = "Presentation", "Presentation", "{41A1C02C-A0C3-4CC2-8A60-C333E3D2E51A}"
EndProject
Project("{9A19103F-16F7-4668-BE54-9A1E7A4F7556}") = "MultiShop.Order.Domain", "Services\Order\Core\MultiShop.Order.Domain\MultiShop.Order.Domain.csproj", "{CB33CC34-DEFD-4A91-9096-D339794F3222}"
EndProject
Project("{9A19103F-16F7-4668-BE54-9A1E7A4F7556}") = "MultiShop.Order.Application", "Services\Order\Core\MultiShop.Order.Application\MultiShop.Order.Application.csproj", "{2A87AA87-D232-4956-A593-B0286D098BB7}"
EndProject
Project("{9A19103F-16F7-4668-BE54-9A1E7A4F7556}") = "MultiShop.Order.Persistence", "Services\Order\Infrastructure\MultiShop.Order.Persistence\MultiShop.Order.Persistence.csproj", "{A0981EA1-F1A9-41E6-BC55-721208DAE34C}"
EndProject
Project("{9A19103F-16F7-4668-BE54-9A1E7A4F7556}") = "MultiShop.Order.WebApi", "Services\Order\Presentation\MultiShop.Order.WebApi\MultiShop.Order.WebApi.csproj", "{C9FBCBA2-F06D-417F-86EA-F46CC33CA5E0}"
EndProject
Project("{2150E333-8FDC-42A3-9474-1A3956D46DE8}") = "IdentityServer", "IdentityServer", "{294E8D73-92A1-4BD4-BA16-D8A93FD07147}"
EndProject
Project("{9A19103F-16F7-4668-BE54-9A1E7A4F7556}") = "MultiShop.IdentityServer", "IdentityServer\MultiShop.IdentityServer\MultiShop.IdentityServer.csproj", "{E7FC1A46-A840-4228-B764-97E2D7AAB039}"
EndProject
Project("{2150E333-8FDC-42A3-9474-1A3956D46DE8}") = "Cargo", "Cargo", "{F18A8084-9FF3-4B73-A7F6-7A433A8C2D84}"
EndProject
Project("{9A19103F-16F7-4668-BE54-9A1E7A4F7556}") = "MultiShop.Cargo.EntityLayer", "Services\Cargo\MultiShop.Cargo.EntityLayer\MultiShop.Cargo.EntityLayer.csproj", "{8D411AD5-8D77-45B5-8674-9D0D8BEB476A}"
EndProject
Project("{9A19103F-16F7-4668-BE54-9A1E7A4F7556}") = "MultiShop.Cargo.BusinessLayer", "Services\Cargo\MultiShop.Cargo.BusinessLayer\MultiShop.Cargo.BusinessLayer.csproj", "{73FB516D-9733-4629-AFC9-6BEBDB3C93FF}"
EndProject
Project("{9A19103F-16F7-4668-BE54-9A1E7A4F7556}") = "MultiShop.Cargo.DataAccessLayer", "Services\Cargo\MultiShop.Cargo.DataAccessLayer\MultiShop.Cargo.DataAccessLayer.csproj", "{E6533663-B92D-4BD1-9CD0-020891E4ECE8}"
EndProject
Project("{9A19103F-16F7-4668-BE54-9A1E7A4F7556}") = "MultiShop.Cargo.DtoLayer", "Services\Cargo\MultiShop.Cargo.DtoLayer\MultiShop.Cargo.DtoLayer.csproj", "{F6BDC514-82CD-4837-ABCD-E93F33343BEE}"
EndProject
Project("{9A19103F-16F7-4668-BE54-9A1E7A4F7556}") = "MultiShop.Cargo.WebApi", "Services\Cargo\MultiShop.Cargo.WebApi\MultiShop.Cargo.WebApi.csproj", "{94935488-BD45-4CE4-A77D-2A867A8A0029}"
EndProject
Project("{2150E333-8FDC-42A3-9474-1A3956D46DE8}") = "Basket", "Basket", "{28FE5D37-6AF7-44D6-8752-0066C90E224F}"
EndProject
Project("{9A19103F-16F7-4668-BE54-9A1E7A4F7556}") = "MultiShop.Basket", "Services\Basket\MultiShop.Basket\MultiShop.Basket.csproj", "{0DDDC5E9-38F0-4B3C-84F2-0A9B8CCD9054}"
EndProject
Project("{2150E333-8FDC-42A3-9474-1A3956D46DE8}") = "Frontends", "Frontends", "{37E60A9D-7784-4318-8942-5E1BBD1D0B7F}"
EndProject
Project("{FAE04EC0-301F-11D3-BF4B-00C04F79EFBC}") = "MultiShop.WebUI", "Frontends\MultiShop.WebUI\MultiShop.WebUI.csproj", "{CF5FBB3E-5AAC-4078-8B7C-B018DA19EADF}"
EndProject
Global
	GlobalSection(SolutionConfigurationPlatforms) = preSolution
		Debug|Any CPU = Debug|Any CPU
		Release|Any CPU = Release|Any CPU
	EndGlobalSection
	GlobalSection(ProjectConfigurationPlatforms) = postSolution
		{D550BDF0-1E04-4515-8128-A45E3631A1ED}.Debug|Any CPU.ActiveCfg = Debug|Any CPU
		{D550BDF0-1E04-4515-8128-A45E3631A1ED}.Debug|Any CPU.Build.0 = Debug|Any CPU
		{D550BDF0-1E04-4515-8128-A45E3631A1ED}.Release|Any CPU.ActiveCfg = Release|Any CPU
		{D550BDF0-1E04-4515-8128-A45E3631A1ED}.Release|Any CPU.Build.0 = Release|Any CPU
		{616C0A00-8E84-4614-A814-91F8C42A2A9A}.Debug|Any CPU.ActiveCfg = Debug|Any CPU
		{616C0A00-8E84-4614-A814-91F8C42A2A9A}.Debug|Any CPU.Build.0 = Debug|Any CPU
		{616C0A00-8E84-4614-A814-91F8C42A2A9A}.Release|Any CPU.ActiveCfg = Release|Any CPU
		{616C0A00-8E84-4614-A814-91F8C42A2A9A}.Release|Any CPU.Build.0 = Release|Any CPU
		{CB33CC34-DEFD-4A91-9096-D339794F3222}.Debug|Any CPU.ActiveCfg = Debug|Any CPU
		{CB33CC34-DEFD-4A91-9096-D339794F3222}.Debug|Any CPU.Build.0 = Debug|Any CPU
		{CB33CC34-DEFD-4A91-9096-D339794F3222}.Release|Any CPU.ActiveCfg = Release|Any CPU
		{CB33CC34-DEFD-4A91-9096-D339794F3222}.Release|Any CPU.Build.0 = Release|Any CPU
		{2A87AA87-D232-4956-A593-B0286D098BB7}.Debug|Any CPU.ActiveCfg = Debug|Any CPU
		{2A87AA87-D232-4956-A593-B0286D098BB7}.Debug|Any CPU.Build.0 = Debug|Any CPU
		{2A87AA87-D232-4956-A593-B0286D098BB7}.Release|Any CPU.ActiveCfg = Release|Any CPU
		{2A87AA87-D232-4956-A593-B0286D098BB7}.Release|Any CPU.Build.0 = Release|Any CPU
		{A0981EA1-F1A9-41E6-BC55-721208DAE34C}.Debug|Any CPU.ActiveCfg = Debug|Any CPU
		{A0981EA1-F1A9-41E6-BC55-721208DAE34C}.Debug|Any CPU.Build.0 = Debug|Any CPU
		{A0981EA1-F1A9-41E6-BC55-721208DAE34C}.Release|Any CPU.ActiveCfg = Release|Any CPU
		{A0981EA1-F1A9-41E6-BC55-721208DAE34C}.Release|Any CPU.Build.0 = Release|Any CPU
		{C9FBCBA2-F06D-417F-86EA-F46CC33CA5E0}.Debug|Any CPU.ActiveCfg = Debug|Any CPU
		{C9FBCBA2-F06D-417F-86EA-F46CC33CA5E0}.Debug|Any CPU.Build.0 = Debug|Any CPU
		{C9FBCBA2-F06D-417F-86EA-F46CC33CA5E0}.Release|Any CPU.ActiveCfg = Release|Any CPU
		{C9FBCBA2-F06D-417F-86EA-F46CC33CA5E0}.Release|Any CPU.Build.0 = Release|Any CPU
		{E7FC1A46-A840-4228-B764-97E2D7AAB039}.Debug|Any CPU.ActiveCfg = Debug|Any CPU
		{E7FC1A46-A840-4228-B764-97E2D7AAB039}.Debug|Any CPU.Build.0 = Debug|Any CPU
		{E7FC1A46-A840-4228-B764-97E2D7AAB039}.Release|Any CPU.ActiveCfg = Release|Any CPU
		{E7FC1A46-A840-4228-B764-97E2D7AAB039}.Release|Any CPU.Build.0 = Release|Any CPU
		{8D411AD5-8D77-45B5-8674-9D0D8BEB476A}.Debug|Any CPU.ActiveCfg = Debug|Any CPU
		{8D411AD5-8D77-45B5-8674-9D0D8BEB476A}.Debug|Any CPU.Build.0 = Debug|Any CPU
		{8D411AD5-8D77-45B5-8674-9D0D8BEB476A}.Release|Any CPU.ActiveCfg = Release|Any CPU
		{8D411AD5-8D77-45B5-8674-9D0D8BEB476A}.Release|Any CPU.Build.0 = Release|Any CPU
		{73FB516D-9733-4629-AFC9-6BEBDB3C93FF}.Debug|Any CPU.ActiveCfg = Debug|Any CPU
		{73FB516D-9733-4629-AFC9-6BEBDB3C93FF}.Debug|Any CPU.Build.0 = Debug|Any CPU
		{73FB516D-9733-4629-AFC9-6BEBDB3C93FF}.Release|Any CPU.ActiveCfg = Release|Any CPU
		{73FB516D-9733-4629-AFC9-6BEBDB3C93FF}.Release|Any CPU.Build.0 = Release|Any CPU
		{E6533663-B92D-4BD1-9CD0-020891E4ECE8}.Debug|Any CPU.ActiveCfg = Debug|Any CPU
		{E6533663-B92D-4BD1-9CD0-020891E4ECE8}.Debug|Any CPU.Build.0 = Debug|Any CPU
		{E6533663-B92D-4BD1-9CD0-020891E4ECE8}.Release|Any CPU.ActiveCfg = Release|Any CPU
		{E6533663-B92D-4BD1-9CD0-020891E4ECE8}.Release|Any CPU.Build.0 = Release|Any CPU
		{F6BDC514-82CD-4837-ABCD-E93F33343BEE}.Debug|Any CPU.ActiveCfg = Debug|Any CPU
		{F6BDC514-82CD-4837-ABCD-E93F33343BEE}.Debug|Any CPU.Build.0 = Debug|Any CPU
		{F6BDC514-82CD-4837-ABCD-E93F33343BEE}.Release|Any CPU.ActiveCfg = Release|Any CPU
		{F6BDC514-82CD-4837-ABCD-E93F33343BEE}.Release|Any CPU.Build.0 = Release|Any CPU
		{94935488-BD45-4CE4-A77D-2A867A8A0029}.Debug|Any CPU.ActiveCfg = Debug|Any CPU
		{94935488-BD45-4CE4-A77D-2A867A8A0029}.Debug|Any CPU.Build.0 = Debug|Any CPU
		{94935488-BD45-4CE4-A77D-2A867A8A0029}.Release|Any CPU.ActiveCfg = Release|Any CPU
		{94935488-BD45-4CE4-A77D-2A867A8A0029}.Release|Any CPU.Build.0 = Release|Any CPU
		{0DDDC5E9-38F0-4B3C-84F2-0A9B8CCD9054}.Debug|Any CPU.ActiveCfg = Debug|Any CPU
		{0DDDC5E9-38F0-4B3C-84F2-0A9B8CCD9054}.Debug|Any CPU.Build.0 = Debug|Any CPU
		{0DDDC5E9-38F0-4B3C-84F2-0A9B8CCD9054}.Release|Any CPU.ActiveCfg = Release|Any CPU
		{0DDDC5E9-38F0-4B3C-84F2-0A9B8CCD9054}.Release|Any CPU.Build.0 = Release|Any CPU
		{CF5FBB3E-5AAC-4078-8B7C-B018DA19EADF}.Debug|Any CPU.ActiveCfg = Debug|Any CPU
		{CF5FBB3E-5AAC-4078-8B7C-B018DA19EADF}.Debug|Any CPU.Build.0 = Debug|Any CPU
		{CF5FBB3E-5AAC-4078-8B7C-B018DA19EADF}.Release|Any CPU.ActiveCfg = Release|Any CPU
		{CF5FBB3E-5AAC-4078-8B7C-B018DA19EADF}.Release|Any CPU.Build.0 = Release|Any CPU
	EndGlobalSection
	GlobalSection(SolutionProperties) = preSolution
		HideSolutionNode = FALSE
	EndGlobalSection
	GlobalSection(NestedProjects) = preSolution
		{D6E1D161-E41F-4BEA-A2F0-17832DF30494} = {4BF6093B-16C6-4D61-860D-B4286401EE8D}
		{D550BDF0-1E04-4515-8128-A45E3631A1ED} = {D6E1D161-E41F-4BEA-A2F0-17832DF30494}
		{E0DB69D1-F89C-434E-A0E6-371FA1A417F0} = {4BF6093B-16C6-4D61-860D-B4286401EE8D}
		{616C0A00-8E84-4614-A814-91F8C42A2A9A} = {E0DB69D1-F89C-434E-A0E6-371FA1A417F0}
		{EB163DB4-595A-4CEF-9417-C9A9172C0911} = {4BF6093B-16C6-4D61-860D-B4286401EE8D}
		{95BD9354-8B5F-41DF-B850-38E5E15E50B6} = {EB163DB4-595A-4CEF-9417-C9A9172C0911}
		{0ADE74BB-B81C-4BDB-A267-F31A54CDD6FE} = {EB163DB4-595A-4CEF-9417-C9A9172C0911}
		{41A1C02C-A0C3-4CC2-8A60-C333E3D2E51A} = {EB163DB4-595A-4CEF-9417-C9A9172C0911}
		{CB33CC34-DEFD-4A91-9096-D339794F3222} = {95BD9354-8B5F-41DF-B850-38E5E15E50B6}
		{2A87AA87-D232-4956-A593-B0286D098BB7} = {95BD9354-8B5F-41DF-B850-38E5E15E50B6}
		{A0981EA1-F1A9-41E6-BC55-721208DAE34C} = {0ADE74BB-B81C-4BDB-A267-F31A54CDD6FE}
		{C9FBCBA2-F06D-417F-86EA-F46CC33CA5E0} = {41A1C02C-A0C3-4CC2-8A60-C333E3D2E51A}
		{E7FC1A46-A840-4228-B764-97E2D7AAB039} = {294E8D73-92A1-4BD4-BA16-D8A93FD07147}
		{F18A8084-9FF3-4B73-A7F6-7A433A8C2D84} = {4BF6093B-16C6-4D61-860D-B4286401EE8D}
		{8D411AD5-8D77-45B5-8674-9D0D8BEB476A} = {F18A8084-9FF3-4B73-A7F6-7A433A8C2D84}
		{73FB516D-9733-4629-AFC9-6BEBDB3C93FF} = {F18A8084-9FF3-4B73-A7F6-7A433A8C2D84}
		{E6533663-B92D-4BD1-9CD0-020891E4ECE8} = {F18A8084-9FF3-4B73-A7F6-7A433A8C2D84}
		{F6BDC514-82CD-4837-ABCD-E93F33343BEE} = {F18A8084-9FF3-4B73-A7F6-7A433A8C2D84}
		{94935488-BD45-4CE4-A77D-2A867A8A0029} = {F18A8084-9FF3-4B73-A7F6-7A433A8C2D84}
		{28FE5D37-6AF7-44D6-8752-0066C90E224F} = {4BF6093B-16C6-4D61-860D-B4286401EE8D}
		{0DDDC5E9-38F0-4B3C-84F2-0A9B8CCD9054} = {28FE5D37-6AF7-44D6-8752-0066C90E224F}
		{CF5FBB3E-5AAC-4078-8B7C-B018DA19EADF} = {37E60A9D-7784-4318-8942-5E1BBD1D0B7F}
	EndGlobalSection
	GlobalSection(ExtensibilityGlobals) = postSolution
		SolutionGuid = {EC879228-6C23-4232-8F7D-E838B44C50C5}
	EndGlobalSection
EndGlobal
